
Microsoft Visual Studio Solution File, Format Version 12.00
# Visual Studio Version 17
VisualStudioVersion = 17.0.31903.59
MinimumVisualStudioVersion = 10.0.40219.1
Project("{FAE04EC0-301F-11D3-BF4B-00C04F79EFBC}") = "dio-net-minimals-api", "API\dio-net-minimals-api.csproj", "{0CE01435-4E20-483F-B3D1-54234365B0B9}"
EndProject
Project("{FAE04EC0-301F-11D3-BF4B-00C04F79EFBC}") = "Test", "Test\Test.csproj", "{1DA0B038-E199-43F8-B28F-CC541B2B2811}"
EndProject
Global
	GlobalSection(SolutionConfigurationPlatforms) = preSolution
		Debug|Any CPU = Debug|Any CPU
		Release|Any CPU = Release|Any CPU
	EndGlobalSection
	GlobalSection(SolutionProperties) = preSolution
		HideSolutionNode = FALSE
	EndGlobalSection
	GlobalSection(ProjectConfigurationPlatforms) = postSolution
		{0CE01435-4E20-483F-B3D1-54234365B0B9}.Debug|Any CPU.ActiveCfg = Debug|Any CPU
		{0CE01435-4E20-483F-B3D1-54234365B0B9}.Debug|Any CPU.Build.0 = Debug|Any CPU
		{0CE01435-4E20-483F-B3D1-54234365B0B9}.Release|Any CPU.ActiveCfg = Release|Any CPU
		{0CE01435-4E20-483F-B3D1-54234365B0B9}.Release|Any CPU.Build.0 = Release|Any CPU
		{1DA0B038-E199-43F8-B28F-CC541B2B2811}.Debug|Any CPU.ActiveCfg = Debug|Any CPU
		{1DA0B038-E199-43F8-B28F-CC541B2B2811}.Debug|Any CPU.Build.0 = Debug|Any CPU
		{1DA0B038-E199-43F8-B28F-CC541B2B2811}.Release|Any CPU.ActiveCfg = Release|Any CPU
		{1DA0B038-E199-43F8-B28F-CC541B2B2811}.Release|Any CPU.Build.0 = Release|Any CPU
	EndGlobalSection
EndGlobal
